
Microsoft Visual Studio Solution File, Format Version 12.00
# Visual Studio 14
VisualStudioVersion = 14.0.25420.1
MinimumVisualStudioVersion = 10.0.40219.1
Project("{FAE04EC0-301F-11D3-BF4B-00C04F79EFBC}") = "VkApi", "..\VkApi\VkAPI-master\VkApi\VkApi.csproj", "{F95747A2-1496-408A-8E99-6D0913320988}"
EndProject
Project("{FAE04EC0-301F-11D3-BF4B-00C04F79EFBC}") = "WebLikeMaster", "WebLikeMaster\WebLikeMaster.csproj", "{BA9D5208-6FC1-4AC0-AE5D-981C606A687B}"
EndProject
Global
	GlobalSection(SolutionConfigurationPlatforms) = preSolution
		Debug|Any CPU = Debug|Any CPU
		Release|Any CPU = Release|Any CPU
	EndGlobalSection
	GlobalSection(ProjectConfigurationPlatforms) = postSolution
		{F95747A2-1496-408A-8E99-6D0913320988}.Debug|Any CPU.ActiveCfg = Debug|Any CPU
		{F95747A2-1496-408A-8E99-6D0913320988}.Debug|Any CPU.Build.0 = Debug|Any CPU
		{F95747A2-1496-408A-8E99-6D0913320988}.Release|Any CPU.ActiveCfg = Release|Any CPU
		{F95747A2-1496-408A-8E99-6D0913320988}.Release|Any CPU.Build.0 = Release|Any CPU
		{BA9D5208-6FC1-4AC0-AE5D-981C606A687B}.Debug|Any CPU.ActiveCfg = Debug|Any CPU
		{BA9D5208-6FC1-4AC0-AE5D-981C606A687B}.Debug|Any CPU.Build.0 = Debug|Any CPU
		{BA9D5208-6FC1-4AC0-AE5D-981C606A687B}.Release|Any CPU.ActiveCfg = Release|Any CPU
		{BA9D5208-6FC1-4AC0-AE5D-981C606A687B}.Release|Any CPU.Build.0 = Release|Any CPU
	EndGlobalSection
	GlobalSection(SolutionProperties) = preSolution
		HideSolutionNode = FALSE
	EndGlobalSection
EndGlobal
